// !$*UTF8*$!
{
	archiveVersion = 1;
	classes = {
	};
	objectVersion = 50;
	objects = {

/* Begin PBXBuildFile section */
		2EA6AF9526E0D4FE00D8D6C7 /* SwiftUICounterApp.swift in Sources */ = {isa = PBXBuildFile; fileRef = 2EA6AF9426E0D4FE00D8D6C7 /* SwiftUICounterApp.swift */; };
		2EA6AF9726E0D4FE00D8D6C7 /* ContentView.swift in Sources */ = {isa = PBXBuildFile; fileRef = 2EA6AF9626E0D4FE00D8D6C7 /* ContentView.swift */; };
		2EA6AF9926E0D50000D8D6C7 /* Assets.xcassets in Resources */ = {isa = PBXBuildFile; fileRef = 2EA6AF9826E0D50000D8D6C7 /* Assets.xcassets */; };
		2EA6AF9C26E0D50000D8D6C7 /* Preview Assets.xcassets in Resources */ = {isa = PBXBuildFile; fileRef = 2EA6AF9B26E0D50000D8D6C7 /* Preview Assets.xcassets */; };
		2EA6AFA726E0D50000D8D6C7 /* SwiftUICounterTests.swift in Sources */ = {isa = PBXBuildFile; fileRef = 2EA6AFA626E0D50000D8D6C7 /* SwiftUICounterTests.swift */; };
		2EA6AFB226E0D50000D8D6C7 /* SwiftUICounterUITests.swift in Sources */ = {isa = PBXBuildFile; fileRef = 2EA6AFB126E0D50000D8D6C7 /* SwiftUICounterUITests.swift */; };
		2EA6AFC026E0D51100D8D6C7 /* ContentViewModel.swift in Sources */ = {isa = PBXBuildFile; fileRef = 2EA6AFBF26E0D51100D8D6C7 /* ContentViewModel.swift */; };
/* End PBXBuildFile section */

/* Begin PBXContainerItemProxy section */
		2EA6AFA326E0D50000D8D6C7 /* PBXContainerItemProxy */ = {
			isa = PBXContainerItemProxy;
			containerPortal = 2EA6AF8926E0D4FE00D8D6C7 /* Project object */;
			proxyType = 1;
			remoteGlobalIDString = 2EA6AF9026E0D4FE00D8D6C7;
			remoteInfo = SwiftUICounter;
		};
		2EA6AFAE26E0D50000D8D6C7 /* PBXContainerItemProxy */ = {
			isa = PBXContainerItemProxy;
			containerPortal = 2EA6AF8926E0D4FE00D8D6C7 /* Project object */;
			proxyType = 1;
			remoteGlobalIDString = 2EA6AF9026E0D4FE00D8D6C7;
			remoteInfo = SwiftUICounter;
		};
/* End PBXContainerItemProxy section */

/* Begin PBXFileReference section */
		2EA6AF9126E0D4FE00D8D6C7 /* SwiftUICounter.app */ = {isa = PBXFileReference; explicitFileType = wrapper.application; includeInIndex = 0; path = SwiftUICounter.app; sourceTree = BUILT_PRODUCTS_DIR; };
		2EA6AF9426E0D4FE00D8D6C7 /* SwiftUICounterApp.swift */ = {isa = PBXFileReference; lastKnownFileType = sourcecode.swift; path = SwiftUICounterApp.swift; sourceTree = "<group>"; };
		2EA6AF9626E0D4FE00D8D6C7 /* ContentView.swift */ = {isa = PBXFileReference; lastKnownFileType = sourcecode.swift; path = ContentView.swift; sourceTree = "<group>"; };
		2EA6AF9826E0D50000D8D6C7 /* Assets.xcassets */ = {isa = PBXFileReference; lastKnownFileType = folder.assetcatalog; path = Assets.xcassets; sourceTree = "<group>"; };
		2EA6AF9B26E0D50000D8D6C7 /* Preview Assets.xcassets */ = {isa = PBXFileReference; lastKnownFileType = folder.assetcatalog; path = "Preview Assets.xcassets"; sourceTree = "<group>"; };
		2EA6AF9D26E0D50000D8D6C7 /* Info.plist */ = {isa = PBXFileReference; lastKnownFileType = text.plist.xml; path = Info.plist; sourceTree = "<group>"; };
		2EA6AFA226E0D50000D8D6C7 /* SwiftUICounterTests.xctest */ = {isa = PBXFileReference; explicitFileType = wrapper.cfbundle; includeInIndex = 0; path = SwiftUICounterTests.xctest; sourceTree = BUILT_PRODUCTS_DIR; };
		2EA6AFA626E0D50000D8D6C7 /* SwiftUICounterTests.swift */ = {isa = PBXFileReference; lastKnownFileType = sourcecode.swift; path = SwiftUICounterTests.swift; sourceTree = "<group>"; };
		2EA6AFA826E0D50000D8D6C7 /* Info.plist */ = {isa = PBXFileReference; lastKnownFileType = text.plist.xml; path = Info.plist; sourceTree = "<group>"; };
		2EA6AFAD26E0D50000D8D6C7 /* SwiftUICounterUITests.xctest */ = {isa = PBXFileReference; explicitFileType = wrapper.cfbundle; includeInIndex = 0; path = SwiftUICounterUITests.xctest; sourceTree = BUILT_PRODUCTS_DIR; };
		2EA6AFB126E0D50000D8D6C7 /* SwiftUICounterUITests.swift */ = {isa = PBXFileReference; lastKnownFileType = sourcecode.swift; path = SwiftUICounterUITests.swift; sourceTree = "<group>"; };
		2EA6AFB326E0D50000D8D6C7 /* Info.plist */ = {isa = PBXFileReference; lastKnownFileType = text.plist.xml; path = Info.plist; sourceTree = "<group>"; };
		2EA6AFBF26E0D51100D8D6C7 /* ContentViewModel.swift */ = {isa = PBXFileReference; fileEncoding = 4; lastKnownFileType = sourcecode.swift; path = ContentViewModel.swift; sourceTree = "<group>"; };
/* End PBXFileReference section */

/* Begin PBXFrameworksBuildPhase section */
		2EA6AF8E26E0D4FE00D8D6C7 /* Frameworks */ = {
			isa = PBXFrameworksBuildPhase;
			buildActionMask = 2147483647;
			files = (
			);
			runOnlyForDeploymentPostprocessing = 0;
		};
		2EA6AF9F26E0D50000D8D6C7 /* Frameworks */ = {
			isa = PBXFrameworksBuildPhase;
			buildActionMask = 2147483647;
			files = (
			);
			runOnlyForDeploymentPostprocessing = 0;
		};
		2EA6AFAA26E0D50000D8D6C7 /* Frameworks */ = {
			isa = PBXFrameworksBuildPhase;
			buildActionMask = 2147483647;
			files = (
			);
			runOnlyForDeploymentPostprocessing = 0;
		};
/* End PBXFrameworksBuildPhase section */

/* Begin PBXGroup section */
		2EA6AF8826E0D4FE00D8D6C7 = {
			isa = PBXGroup;
			children = (
				2EA6AF9326E0D4FE00D8D6C7 /* SwiftUICounter */,
				2EA6AFA526E0D50000D8D6C7 /* SwiftUICounterTests */,
				2EA6AFB026E0D50000D8D6C7 /* SwiftUICounterUITests */,
				2EA6AF9226E0D4FE00D8D6C7 /* Products */,
			);
			sourceTree = "<group>";
		};
		2EA6AF9226E0D4FE00D8D6C7 /* Products */ = {
			isa = PBXGroup;
			children = (
				2EA6AF9126E0D4FE00D8D6C7 /* SwiftUICounter.app */,
				2EA6AFA226E0D50000D8D6C7 /* SwiftUICounterTests.xctest */,
				2EA6AFAD26E0D50000D8D6C7 /* SwiftUICounterUITests.xctest */,
			);
			name = Products;
			sourceTree = "<group>";
		};
		2EA6AF9326E0D4FE00D8D6C7 /* SwiftUICounter */ = {
			isa = PBXGroup;
			children = (
				2EA6AF9426E0D4FE00D8D6C7 /* SwiftUICounterApp.swift */,
				2EA6AFBF26E0D51100D8D6C7 /* ContentViewModel.swift */,
				2EA6AF9626E0D4FE00D8D6C7 /* ContentView.swift */,
				2EA6AF9826E0D50000D8D6C7 /* Assets.xcassets */,
				2EA6AF9D26E0D50000D8D6C7 /* Info.plist */,
				2EA6AF9A26E0D50000D8D6C7 /* Preview Content */,
			);
			path = SwiftUICounter;
			sourceTree = "<group>";
		};
		2EA6AF9A26E0D50000D8D6C7 /* Preview Content */ = {
			isa = PBXGroup;
			children = (
				2EA6AF9B26E0D50000D8D6C7 /* Preview Assets.xcassets */,
			);
			path = "Preview Content";
			sourceTree = "<group>";
		};
		2EA6AFA526E0D50000D8D6C7 /* SwiftUICounterTests */ = {
			isa = PBXGroup;
			children = (
				2EA6AFA626E0D50000D8D6C7 /* SwiftUICounterTests.swift */,
				2EA6AFA826E0D50000D8D6C7 /* Info.plist */,
			);
			path = SwiftUICounterTests;
			sourceTree = "<group>";
		};
		2EA6AFB026E0D50000D8D6C7 /* SwiftUICounterUITests */ = {
			isa = PBXGroup;
			children = (
				2EA6AFB126E0D50000D8D6C7 /* SwiftUICounterUITests.swift */,
				2EA6AFB326E0D50000D8D6C7 /* Info.plist */,
			);
			path = SwiftUICounterUITests;
			sourceTree = "<group>";
		};
/* End PBXGroup section */

/* Begin PBXNativeTarget section */
		2EA6AF9026E0D4FE00D8D6C7 /* SwiftUICounter */ = {
			isa = PBXNativeTarget;
			buildConfigurationList = 2EA6AFB626E0D50000D8D6C7 /* Build configuration list for PBXNativeTarget "SwiftUICounter" */;
			buildPhases = (
				2EA6AF8D26E0D4FE00D8D6C7 /* Sources */,
				2EA6AF8E26E0D4FE00D8D6C7 /* Frameworks */,
				2EA6AF8F26E0D4FE00D8D6C7 /* Resources */,
			);
			buildRules = (
			);
			dependencies = (
			);
			name = SwiftUICounter;
			productName = SwiftUICounter;
			productReference = 2EA6AF9126E0D4FE00D8D6C7 /* SwiftUICounter.app */;
			productType = "com.apple.product-type.application";
		};
		2EA6AFA126E0D50000D8D6C7 /* SwiftUICounterTests */ = {
			isa = PBXNativeTarget;
			buildConfigurationList = 2EA6AFB926E0D50000D8D6C7 /* Build configuration list for PBXNativeTarget "SwiftUICounterTests" */;
			buildPhases = (
				2EA6AF9E26E0D50000D8D6C7 /* Sources */,
				2EA6AF9F26E0D50000D8D6C7 /* Frameworks */,
				2EA6AFA026E0D50000D8D6C7 /* Resources */,
			);
			buildRules = (
			);
			dependencies = (
				2EA6AFA426E0D50000D8D6C7 /* PBXTargetDependency */,
			);
			name = SwiftUICounterTests;
			productName = SwiftUICounterTests;
			productReference = 2EA6AFA226E0D50000D8D6C7 /* SwiftUICounterTests.xctest */;
			productType = "com.apple.product-type.bundle.unit-test";
		};
		2EA6AFAC26E0D50000D8D6C7 /* SwiftUICounterUITests */ = {
			isa = PBXNativeTarget;
			buildConfigurationList = 2EA6AFBC26E0D50000D8D6C7 /* Build configuration list for PBXNativeTarget "SwiftUICounterUITests" */;
			buildPhases = (
				2EA6AFA926E0D50000D8D6C7 /* Sources */,
				2EA6AFAA26E0D50000D8D6C7 /* Frameworks */,
				2EA6AFAB26E0D50000D8D6C7 /* Resources */,
			);
			buildRules = (
			);
			dependencies = (
				2EA6AFAF26E0D50000D8D6C7 /* PBXTargetDependency */,
			);
			name = SwiftUICounterUITests;
			productName = SwiftUICounterUITests;
			productReference = 2EA6AFAD26E0D50000D8D6C7 /* SwiftUICounterUITests.xctest */;
			productType = "com.apple.product-type.bundle.ui-testing";
		};
/* End PBXNativeTarget section */

/* Begin PBXProject section */
		2EA6AF8926E0D4FE00D8D6C7 /* Project object */ = {
			isa = PBXProject;
			attributes = {
				LastSwiftUpdateCheck = 1250;
				LastUpgradeCheck = 1250;
				TargetAttributes = {
					2EA6AF9026E0D4FE00D8D6C7 = {
						CreatedOnToolsVersion = 12.5.1;
					};
					2EA6AFA126E0D50000D8D6C7 = {
						CreatedOnToolsVersion = 12.5.1;
						TestTargetID = 2EA6AF9026E0D4FE00D8D6C7;
					};
					2EA6AFAC26E0D50000D8D6C7 = {
						CreatedOnToolsVersion = 12.5.1;
						TestTargetID = 2EA6AF9026E0D4FE00D8D6C7;
					};
				};
			};
			buildConfigurationList = 2EA6AF8C26E0D4FE00D8D6C7 /* Build configuration list for PBXProject "SwiftUICounter" */;
			compatibilityVersion = "Xcode 9.3";
			developmentRegion = en;
			hasScannedForEncodings = 0;
			knownRegions = (
				en,
				Base,
			);
			mainGroup = 2EA6AF8826E0D4FE00D8D6C7;
			productRefGroup = 2EA6AF9226E0D4FE00D8D6C7 /* Products */;
			projectDirPath = "";
			projectRoot = "";
			targets = (
				2EA6AF9026E0D4FE00D8D6C7 /* SwiftUICounter */,
				2EA6AFA126E0D50000D8D6C7 /* SwiftUICounterTests */,
				2EA6AFAC26E0D50000D8D6C7 /* SwiftUICounterUITests */,
			);
		};
/* End PBXProject section */

/* Begin PBXResourcesBuildPhase section */
		2EA6AF8F26E0D4FE00D8D6C7 /* Resources */ = {
			isa = PBXResourcesBuildPhase;
			buildActionMask = 2147483647;
			files = (
				2EA6AF9C26E0D50000D8D6C7 /* Preview Assets.xcassets in Resources */,
				2EA6AF9926E0D50000D8D6C7 /* Assets.xcassets in Resources */,
			);
			runOnlyForDeploymentPostprocessing = 0;
		};
		2EA6AFA026E0D50000D8D6C7 /* Resources */ = {
			isa = PBXResourcesBuildPhase;
			buildActionMask = 2147483647;
			files = (
			);
			runOnlyForDeploymentPostprocessing = 0;
		};
		2EA6AFAB26E0D50000D8D6C7 /* Resources */ = {
			isa = PBXResourcesBuildPhase;
			buildActionMask = 2147483647;
			files = (
			);
			runOnlyForDeploymentPostprocessing = 0;
		};
/* End PBXResourcesBuildPhase section */

/* Begin PBXSourcesBuildPhase section */
		2EA6AF8D26E0D4FE00D8D6C7 /* Sources */ = {
			isa = PBXSourcesBuildPhase;
			buildActionMask = 2147483647;
			files = (
				2EA6AF9726E0D4FE00D8D6C7 /* ContentView.swift in Sources */,
				2EA6AF9526E0D4FE00D8D6C7 /* SwiftUICounterApp.swift in Sources */,
				2EA6AFC026E0D51100D8D6C7 /* ContentViewModel.swift in Sources */,
			);
			runOnlyForDeploymentPostprocessing = 0;
		};
		2EA6AF9E26E0D50000D8D6C7 /* Sources */ = {
			isa = PBXSourcesBuildPhase;
			buildActionMask = 2147483647;
			files = (
				2EA6AFA726E0D50000D8D6C7 /* SwiftUICounterTests.swift in Sources */,
			);
			runOnlyForDeploymentPostprocessing = 0;
		};
		2EA6AFA926E0D50000D8D6C7 /* Sources */ = {
			isa = PBXSourcesBuildPhase;
			buildActionMask = 2147483647;
			files = (
				2EA6AFB226E0D50000D8D6C7 /* SwiftUICounterUITests.swift in Sources */,
			);
			runOnlyForDeploymentPostprocessing = 0;
		};
/* End PBXSourcesBuildPhase section */

/* Begin PBXTargetDependency section */
		2EA6AFA426E0D50000D8D6C7 /* PBXTargetDependency */ = {
			isa = PBXTargetDependency;
			target = 2EA6AF9026E0D4FE00D8D6C7 /* SwiftUICounter */;
			targetProxy = 2EA6AFA326E0D50000D8D6C7 /* PBXContainerItemProxy */;
		};
		2EA6AFAF26E0D50000D8D6C7 /* PBXTargetDependency */ = {
			isa = PBXTargetDependency;
			target = 2EA6AF9026E0D4FE00D8D6C7 /* SwiftUICounter */;
			targetProxy = 2EA6AFAE26E0D50000D8D6C7 /* PBXContainerItemProxy */;
		};
/* End PBXTargetDependency section */

/* Begin XCBuildConfiguration section */
		2EA6AFB426E0D50000D8D6C7 /* Debug */ = {
			isa = XCBuildConfiguration;
			buildSettings = {
				ALWAYS_SEARCH_USER_PATHS = NO;
				CLANG_ANALYZER_NONNULL = YES;
				CLANG_ANALYZER_NUMBER_OBJECT_CONVERSION = YES_AGGRESSIVE;
				CLANG_CXX_LANGUAGE_STANDARD = "gnu++14";
				CLANG_CXX_LIBRARY = "libc++";
				CLANG_ENABLE_MODULES = YES;
				CLANG_ENABLE_OBJC_ARC = YES;
				CLANG_ENABLE_OBJC_WEAK = YES;
				CLANG_WARN_BLOCK_CAPTURE_AUTORELEASING = YES;
				CLANG_WARN_BOOL_CONVERSION = YES;
				CLANG_WARN_COMMA = YES;
				CLANG_WARN_CONSTANT_CONVERSION = YES;
				CLANG_WARN_DEPRECATED_OBJC_IMPLEMENTATIONS = YES;
				CLANG_WARN_DIRECT_OBJC_ISA_USAGE = YES_ERROR;
				CLANG_WARN_DOCUMENTATION_COMMENTS = YES;
				CLANG_WARN_EMPTY_BODY = YES;
				CLANG_WARN_ENUM_CONVERSION = YES;
				CLANG_WARN_INFINITE_RECURSION = YES;
				CLANG_WARN_INT_CONVERSION = YES;
				CLANG_WARN_NON_LITERAL_NULL_CONVERSION = YES;
				CLANG_WARN_OBJC_IMPLICIT_RETAIN_SELF = YES;
				CLANG_WARN_OBJC_LITERAL_CONVERSION = YES;
				CLANG_WARN_OBJC_ROOT_CLASS = YES_ERROR;
				CLANG_WARN_QUOTED_INCLUDE_IN_FRAMEWORK_HEADER = YES;
				CLANG_WARN_RANGE_LOOP_ANALYSIS = YES;
				CLANG_WARN_STRICT_PROTOTYPES = YES;
				CLANG_WARN_SUSPICIOUS_MOVE = YES;
				CLANG_WARN_UNGUARDED_AVAILABILITY = YES_AGGRESSIVE;
				CLANG_WARN_UNREACHABLE_CODE = YES;
				CLANG_WARN__DUPLICATE_METHOD_MATCH = YES;
				COPY_PHASE_STRIP = NO;
				DEBUG_INFORMATION_FORMAT = dwarf;
				ENABLE_STRICT_OBJC_MSGSEND = YES;
				ENABLE_TESTABILITY = YES;
				GCC_C_LANGUAGE_STANDARD = gnu11;
				GCC_DYNAMIC_NO_PIC = NO;
				GCC_NO_COMMON_BLOCKS = YES;
				GCC_OPTIMIZATION_LEVEL = 0;
				GCC_PREPROCESSOR_DEFINITIONS = (
					"DEBUG=1",
					"$(inherited)",
				);
				GCC_WARN_64_TO_32_BIT_CONVERSION = YES;
				GCC_WARN_ABOUT_RETURN_TYPE = YES_ERROR;
				GCC_WARN_UNDECLARED_SELECTOR = YES;
				GCC_WARN_UNINITIALIZED_AUTOS = YES_AGGRESSIVE;
				GCC_WARN_UNUSED_FUNCTION = YES;
				GCC_WARN_UNUSED_VARIABLE = YES;
				IPHONEOS_DEPLOYMENT_TARGET = 14.5;
				MTL_ENABLE_DEBUG_INFO = INCLUDE_SOURCE;
				MTL_FAST_MATH = YES;
				ONLY_ACTIVE_ARCH = YES;
				SDKROOT = iphoneos;
				SWIFT_ACTIVE_COMPILATION_CONDITIONS = DEBUG;
				SWIFT_OPTIMIZATION_LEVEL = "-Onone";
			};
			name = Debug;
		};
		2EA6AFB526E0D50000D8D6C7 /* Release */ = {
			isa = XCBuildConfiguration;
			buildSettings = {
				ALWAYS_SEARCH_USER_PATHS = NO;
				CLANG_ANALYZER_NONNULL = YES;
				CLANG_ANALYZER_NUMBER_OBJECT_CONVERSION = YES_AGGRESSIVE;
				CLANG_CXX_LANGUAGE_STANDARD = "gnu++14";
				CLANG_CXX_LIBRARY = "libc++";
				CLANG_ENABLE_MODULES = YES;
				CLANG_ENABLE_OBJC_ARC = YES;
				CLANG_ENABLE_OBJC_WEAK = YES;
				CLANG_WARN_BLOCK_CAPTURE_AUTORELEASING = YES;
				CLANG_WARN_BOOL_CONVERSION = YES;
				CLANG_WARN_COMMA = YES;
				CLANG_WARN_CONSTANT_CONVERSION = YES;
				CLANG_WARN_DEPRECATED_OBJC_IMPLEMENTATIONS = YES;
				CLANG_WARN_DIRECT_OBJC_ISA_USAGE = YES_ERROR;
				CLANG_WARN_DOCUMENTATION_COMMENTS = YES;
				CLANG_WARN_EMPTY_BODY = YES;
				CLANG_WARN_ENUM_CONVERSION = YES;
				CLANG_WARN_INFINITE_RECURSION = YES;
				CLANG_WARN_INT_CONVERSION = YES;
				CLANG_WARN_NON_LITERAL_NULL_CONVERSION = YES;
				CLANG_WARN_OBJC_IMPLICIT_RETAIN_SELF = YES;
				CLANG_WARN_OBJC_LITERAL_CONVERSION = YES;
				CLANG_WARN_OBJC_ROOT_CLASS = YES_ERROR;
				CLANG_WARN_QUOTED_INCLUDE_IN_FRAMEWORK_HEADER = YES;
				CLANG_WARN_RANGE_LOOP_ANALYSIS = YES;
				CLANG_WARN_STRICT_PROTOTYPES = YES;
				CLANG_WARN_SUSPICIOUS_MOVE = YES;
				CLANG_WARN_UNGUARDED_AVAILABILITY = YES_AGGRESSIVE;
				CLANG_WARN_UNREACHABLE_CODE = YES;
				CLANG_WARN__DUPLICATE_METHOD_MATCH = YES;
				COPY_PHASE_STRIP = NO;
				DEBUG_INFORMATION_FORMAT = "dwarf-with-dsym";
				ENABLE_NS_ASSERTIONS = NO;
				ENABLE_STRICT_OBJC_MSGSEND = YES;
				GCC_C_LANGUAGE_STANDARD = gnu11;
				GCC_NO_COMMON_BLOCKS = YES;
				GCC_WARN_64_TO_32_BIT_CONVERSION = YES;
				GCC_WARN_ABOUT_RETURN_TYPE = YES_ERROR;
				GCC_WARN_UNDECLARED_SELECTOR = YES;
				GCC_WARN_UNINITIALIZED_AUTOS = YES_AGGRESSIVE;
				GCC_WARN_UNUSED_FUNCTION = YES;
				GCC_WARN_UNUSED_VARIABLE = YES;
				IPHONEOS_DEPLOYMENT_TARGET = 14.5;
				MTL_ENABLE_DEBUG_INFO = NO;
				MTL_FAST_MATH = YES;
				SDKROOT = iphoneos;
				SWIFT_COMPILATION_MODE = wholemodule;
				SWIFT_OPTIMIZATION_LEVEL = "-O";
				VALIDATE_PRODUCT = YES;
			};
			name = Release;
		};
		2EA6AFB726E0D50000D8D6C7 /* Debug */ = {
			isa = XCBuildConfiguration;
			buildSettings = {
				ASSETCATALOG_COMPILER_APPICON_NAME = AppIcon;
				ASSETCATALOG_COMPILER_GLOBAL_ACCENT_COLOR_NAME = AccentColor;
				CODE_SIGN_STYLE = Automatic;
				DEVELOPMENT_ASSET_PATHS = "\"SwiftUICounter/Preview Content\"";
				DEVELOPMENT_TEAM = UV36497CVB;
				ENABLE_PREVIEWS = YES;
				INFOPLIST_FILE = SwiftUICounter/Info.plist;
				IPHONEOS_DEPLOYMENT_TARGET = 14.0;
				LD_RUNPATH_SEARCH_PATHS = (
					"$(inherited)",
					"@executable_path/Frameworks",
				);
				PRODUCT_BUNDLE_IDENTIFIER = com.epiens.SwiftUICounter;
				PRODUCT_NAME = "$(TARGET_NAME)";
				SWIFT_VERSION = 5.0;
				TARGETED_DEVICE_FAMILY = "1,2";
			};
			name = Debug;
		};
		2EA6AFB826E0D50000D8D6C7 /* Release */ = {
			isa = XCBuildConfiguration;
			buildSettings = {
				ASSETCATALOG_COMPILER_APPICON_NAME = AppIcon;
				ASSETCATALOG_COMPILER_GLOBAL_ACCENT_COLOR_NAME = AccentColor;
				CODE_SIGN_STYLE = Automatic;
				DEVELOPMENT_ASSET_PATHS = "\"SwiftUICounter/Preview Content\"";
				DEVELOPMENT_TEAM = UV36497CVB;
				ENABLE_PREVIEWS = YES;
				INFOPLIST_FILE = SwiftUICounter/Info.plist;
				IPHONEOS_DEPLOYMENT_TARGET = 14.0;
				LD_RUNPATH_SEARCH_PATHS = (
					"$(inherited)",
					"@executable_path/Frameworks",
				);
				PRODUCT_BUNDLE_IDENTIFIER = com.epiens.SwiftUICounter;
				PRODUCT_NAME = "$(TARGET_NAME)";
				SWIFT_VERSION = 5.0;
				TARGETED_DEVICE_FAMILY = "1,2";
			};
			name = Release;
		};
		2EA6AFBA26E0D50000D8D6C7 /* Debug */ = {
			isa = XCBuildConfiguration;
			buildSettings = {
				ALWAYS_EMBED_SWIFT_STANDARD_LIBRARIES = YES;
				BUNDLE_LOADER = "$(TEST_HOST)";
				CODE_SIGN_STYLE = Automatic;
				DEVELOPMENT_TEAM = UV36497CVB;
				INFOPLIST_FILE = SwiftUICounterTests/Info.plist;
				IPHONEOS_DEPLOYMENT_TARGET = 14.0;
				LD_RUNPATH_SEARCH_PATHS = (
					"$(inherited)",
					"@executable_path/Frameworks",
					"@loader_path/Frameworks",
				);
				PRODUCT_BUNDLE_IDENTIFIER = com.epiens.SwiftUICounterTests;
				PRODUCT_NAME = "$(TARGET_NAME)";
				SWIFT_VERSION = 5.0;
				TARGETED_DEVICE_FAMILY = "1,2";
				TEST_HOST = "$(BUILT_PRODUCTS_DIR)/SwiftUICounter.app/SwiftUICounter";
			};
			name = Debug;
		};
		2EA6AFBB26E0D50000D8D6C7 /* Release */ = {
			isa = XCBuildConfiguration;
			buildSettings = {
				ALWAYS_EMBED_SWIFT_STANDARD_LIBRARIES = YES;
				BUNDLE_LOADER = "$(TEST_HOST)";
				CODE_SIGN_STYLE = Automatic;
				DEVELOPMENT_TEAM = UV36497CVB;
				INFOPLIST_FILE = SwiftUICounterTests/Info.plist;
				IPHONEOS_DEPLOYMENT_TARGET = 14.0;
				LD_RUNPATH_SEARCH_PATHS = (
					"$(inherited)",
					"@executable_path/Frameworks",
					"@loader_path/Frameworks",
				);
				PRODUCT_BUNDLE_IDENTIFIER = com.epiens.SwiftUICounterTests;
				PRODUCT_NAME = "$(TARGET_NAME)";
				SWIFT_VERSION = 5.0;
				TARGETED_DEVICE_FAMILY = "1,2";
				TEST_HOST = "$(BUILT_PRODUCTS_DIR)/SwiftUICounter.app/SwiftUICounter";
			};
			name = Release;
		};
		2EA6AFBD26E0D50000D8D6C7 /* Debug */ = {
			isa = XCBuildConfiguration;
			buildSettings = {
				ALWAYS_EMBED_SWIFT_STANDARD_LIBRARIES = YES;
				CODE_SIGN_STYLE = Automatic;
				DEVELOPMENT_TEAM = UV36497CVB;
				INFOPLIST_FILE = SwiftUICounterUITests/Info.plist;
				LD_RUNPATH_SEARCH_PATHS = (
					"$(inherited)",
					"@executable_path/Frameworks",
					"@loader_path/Frameworks",
				);
				PRODUCT_BUNDLE_IDENTIFIER = com.epiens.SwiftUICounterUITests;
				PRODUCT_NAME = "$(TARGET_NAME)";
				SWIFT_VERSION = 5.0;
				TARGETED_DEVICE_FAMILY = "1,2";
				TEST_TARGET_NAME = SwiftUICounter;
			};
			name = Debug;
		};
		2EA6AFBE26E0D50000D8D6C7 /* Release */ = {
			isa = XCBuildConfiguration;
			buildSettings = {
				ALWAYS_EMBED_SWIFT_STANDARD_LIBRARIES = YES;
				CODE_SIGN_STYLE = Automatic;
				DEVELOPMENT_TEAM = UV36497CVB;
				INFOPLIST_FILE = SwiftUICounterUITests/Info.plist;
				LD_RUNPATH_SEARCH_PATHS = (
					"$(inherited)",
					"@executable_path/Frameworks",
					"@loader_path/Frameworks",
				);
				PRODUCT_BUNDLE_IDENTIFIER = com.epiens.SwiftUICounterUITests;
				PRODUCT_NAME = "$(TARGET_NAME)";
				SWIFT_VERSION = 5.0;
				TARGETED_DEVICE_FAMILY = "1,2";
				TEST_TARGET_NAME = SwiftUICounter;
			};
			name = Release;
		};
/* End XCBuildConfiguration section */

/* Begin XCConfigurationList section */
		2EA6AF8C26E0D4FE00D8D6C7 /* Build configuration list for PBXProject "SwiftUICounter" */ = {
			isa = XCConfigurationList;
			buildConfigurations = (
				2EA6AFB426E0D50000D8D6C7 /* Debug */,
				2EA6AFB526E0D50000D8D6C7 /* Release */,
			);
			defaultConfigurationIsVisible = 0;
			defaultConfigurationName = Release;
		};
		2EA6AFB626E0D50000D8D6C7 /* Build configuration list for PBXNativeTarget "SwiftUICounter" */ = {
			isa = XCConfigurationList;
			buildConfigurations = (
				2EA6AFB726E0D50000D8D6C7 /* Debug */,
				2EA6AFB826E0D50000D8D6C7 /* Release */,
			);
			defaultConfigurationIsVisible = 0;
			defaultConfigurationName = Release;
		};
		2EA6AFB926E0D50000D8D6C7 /* Build configuration list for PBXNativeTarget "SwiftUICounterTests" */ = {
			isa = XCConfigurationList;
			buildConfigurations = (
				2EA6AFBA26E0D50000D8D6C7 /* Debug */,
				2EA6AFBB26E0D50000D8D6C7 /* Release */,
			);
			defaultConfigurationIsVisible = 0;
			defaultConfigurationName = Release;
		};
		2EA6AFBC26E0D50000D8D6C7 /* Build configuration list for PBXNativeTarget "SwiftUICounterUITests" */ = {
			isa = XCConfigurationList;
			buildConfigurations = (
				2EA6AFBD26E0D50000D8D6C7 /* Debug */,
				2EA6AFBE26E0D50000D8D6C7 /* Release */,
			);
			defaultConfigurationIsVisible = 0;
			defaultConfigurationName = Release;
		};
/* End XCConfigurationList section */
	};
	rootObject = 2EA6AF8926E0D4FE00D8D6C7 /* Project object */;
}
